
Microsoft Visual Studio Solution File, Format Version 12.00
# Visual Studio Version 17
VisualStudioVersion = 17.6.33829.357
MinimumVisualStudioVersion = 10.0.40219.1
Project("{FAE04EC0-301F-11D3-BF4B-00C04F79EFBC}") = "SignalRChat", "SignalRChat\SignalRChat.csproj", "{487D150C-4603-475D-9135-F01662EFB651}"
EndProject
Global
	GlobalSection(SolutionConfigurationPlatforms) = preSolution
		Debug|Any CPU = Debug|Any CPU
		Release|Any CPU = Release|Any CPU
	EndGlobalSection
	GlobalSection(ProjectConfigurationPlatforms) = postSolution
		{487D150C-4603-475D-9135-F01662EFB651}.Debug|Any CPU.ActiveCfg = Debug|Any CPU
		{487D150C-4603-475D-9135-F01662EFB651}.Debug|Any CPU.Build.0 = Debug|Any CPU
		{487D150C-4603-475D-9135-F01662EFB651}.Release|Any CPU.ActiveCfg = Release|Any CPU
		{487D150C-4603-475D-9135-F01662EFB651}.Release|Any CPU.Build.0 = Release|Any CPU
	EndGlobalSection
	GlobalSection(SolutionProperties) = preSolution
		HideSolutionNode = FALSE
	EndGlobalSection
	GlobalSection(ExtensibilityGlobals) = postSolution
		SolutionGuid = {9CD29327-0B8F-4F2F-B382-0DE66CA5D34A}
	EndGlobalSection
EndGlobal
